// !$*UTF8*$!
{
	archiveVersion = 1;
	classes = {
	};
	objectVersion = 50;
	objects = {

/* Begin PBXBuildFile section */
		3617958F236C98A900C25E5E /* AppDelegate.swift in Sources */ = {isa = PBXBuildFile; fileRef = 3617958E236C98A900C25E5E /* AppDelegate.swift */; };
		36179591236C98A900C25E5E /* SceneDelegate.swift in Sources */ = {isa = PBXBuildFile; fileRef = 36179590236C98A900C25E5E /* SceneDelegate.swift */; };
		36179596236C98A900C25E5E /* Main.storyboard in Resources */ = {isa = PBXBuildFile; fileRef = 36179594236C98A900C25E5E /* Main.storyboard */; };
		36179598236C98AE00C25E5E /* Assets.xcassets in Resources */ = {isa = PBXBuildFile; fileRef = 36179597236C98AE00C25E5E /* Assets.xcassets */; };
		3617959B236C98AE00C25E5E /* LaunchScreen.storyboard in Resources */ = {isa = PBXBuildFile; fileRef = 36179599236C98AE00C25E5E /* LaunchScreen.storyboard */; };
		361795A3236C9A0000C25E5E /* TableViewController.swift in Sources */ = {isa = PBXBuildFile; fileRef = 361795A2236C9A0000C25E5E /* TableViewController.swift */; };
		361795A72371E17E00C25E5E /* ViewController.swift in Sources */ = {isa = PBXBuildFile; fileRef = 361795A62371E17E00C25E5E /* ViewController.swift */; };
/* End PBXBuildFile section */

/* Begin PBXFileReference section */
		3617958B236C98A900C25E5E /* XRDSdictionary.app */ = {isa = PBXFileReference; explicitFileType = wrapper.application; includeInIndex = 0; path = XRDSdictionary.app; sourceTree = BUILT_PRODUCTS_DIR; };
		3617958E236C98A900C25E5E /* AppDelegate.swift */ = {isa = PBXFileReference; lastKnownFileType = sourcecode.swift; path = AppDelegate.swift; sourceTree = "<group>"; };
		36179590236C98A900C25E5E /* SceneDelegate.swift */ = {isa = PBXFileReference; lastKnownFileType = sourcecode.swift; path = SceneDelegate.swift; sourceTree = "<group>"; };
		36179595236C98A900C25E5E /* Base */ = {isa = PBXFileReference; lastKnownFileType = file.storyboard; name = Base; path = Base.lproj/Main.storyboard; sourceTree = "<group>"; };
		36179597236C98AE00C25E5E /* Assets.xcassets */ = {isa = PBXFileReference; lastKnownFileType = folder.assetcatalog; path = Assets.xcassets; sourceTree = "<group>"; };
		3617959A236C98AE00C25E5E /* Base */ = {isa = PBXFileReference; lastKnownFileType = file.storyboard; name = Base; path = Base.lproj/LaunchScreen.storyboard; sourceTree = "<group>"; };
		3617959C236C98AE00C25E5E /* Info.plist */ = {isa = PBXFileReference; lastKnownFileType = text.plist.xml; path = Info.plist; sourceTree = "<group>"; };
		361795A2236C9A0000C25E5E /* TableViewController.swift */ = {isa = PBXFileReference; lastKnownFileType = sourcecode.swift; path = TableViewController.swift; sourceTree = "<group>"; };
		361795A62371E17E00C25E5E /* ViewController.swift */ = {isa = PBXFileReference; lastKnownFileType = sourcecode.swift; path = ViewController.swift; sourceTree = "<group>"; };
/* End PBXFileReference section */

/* Begin PBXFrameworksBuildPhase section */
		36179588236C98A900C25E5E /* Frameworks */ = {
			isa = PBXFrameworksBuildPhase;
			buildActionMask = 2147483647;
			files = (
			);
			runOnlyForDeploymentPostprocessing = 0;
		};
/* End PBXFrameworksBuildPhase section */

/* Begin PBXGroup section */
		36179582236C98A800C25E5E = {
			isa = PBXGroup;
			children = (
				3617958D236C98A900C25E5E /* XRDSdictionary */,
				3617958C236C98A900C25E5E /* Products */,
			);
			sourceTree = "<group>";
		};
		3617958C236C98A900C25E5E /* Products */ = {
			isa = PBXGroup;
			children = (
				3617958B236C98A900C25E5E /* XRDSdictionary.app */,
			);
			name = Products;
			sourceTree = "<group>";
		};
		3617958D236C98A900C25E5E /* XRDSdictionary */ = {
			isa = PBXGroup;
			children = (
				361795A62371E17E00C25E5E /* ViewController.swift */,
				3617958E236C98A900C25E5E /* AppDelegate.swift */,
				36179590236C98A900C25E5E /* SceneDelegate.swift */,
				36179594236C98A900C25E5E /* Main.storyboard */,
				361795A2236C9A0000C25E5E /* TableViewController.swift */,
				36179597236C98AE00C25E5E /* Assets.xcassets */,
				36179599236C98AE00C25E5E /* LaunchScreen.storyboard */,
				3617959C236C98AE00C25E5E /* Info.plist */,
			);
			path = XRDSdictionary;
			sourceTree = "<group>";
		};
/* End PBXGroup section */

/* Begin PBXNativeTarget section */
		3617958A236C98A900C25E5E /* XRDSdictionary */ = {
			isa = PBXNativeTarget;
			buildConfigurationList = 3617959F236C98AE00C25E5E /* Build configuration list for PBXNativeTarget "XRDSdictionary" */;
			buildPhases = (
				36179587236C98A900C25E5E /* Sources */,
				36179588236C98A900C25E5E /* Frameworks */,
				36179589236C98A900C25E5E /* Resources */,
			);
			buildRules = (
			);
			dependencies = (
			);
			name = XRDSdictionary;
			productName = XRDSdictionary;
			productReference = 3617958B236C98A900C25E5E /* XRDSdictionary.app */;
			productType = "com.apple.product-type.application";
		};
/* End PBXNativeTarget section */

/* Begin PBXProject section */
		36179583236C98A800C25E5E /* Project object */ = {
			isa = PBXProject;
			attributes = {
				LastSwiftUpdateCheck = 1100;
				LastUpgradeCheck = 1100;
				ORGANIZATIONNAME = "Jack Younger";
				TargetAttributes = {
					3617958A236C98A900C25E5E = {
						CreatedOnToolsVersion = 11.0;
					};
				};
			};
			buildConfigurationList = 36179586236C98A900C25E5E /* Build configuration list for PBXProject "XRDSdictionary" */;
			compatibilityVersion = "Xcode 9.3";
			developmentRegion = en;
			hasScannedForEncodings = 0;
			knownRegions = (
				en,
				Base,
			);
			mainGroup = 36179582236C98A800C25E5E;
			productRefGroup = 3617958C236C98A900C25E5E /* Products */;
			projectDirPath = "";
			projectRoot = "";
			targets = (
				3617958A236C98A900C25E5E /* XRDSdictionary */,
			);
		};
/* End PBXProject section */

/* Begin PBXResourcesBuildPhase section */
		36179589236C98A900C25E5E /* Resources */ = {
			isa = PBXResourcesBuildPhase;
			buildActionMask = 2147483647;
			files = (
				3617959B236C98AE00C25E5E /* LaunchScreen.storyboard in Resources */,
				36179598236C98AE00C25E5E /* Assets.xcassets in Resources */,
				36179596236C98A900C25E5E /* Main.storyboard in Resources */,
			);
			runOnlyForDeploymentPostprocessing = 0;
		};
/* End PBXResourcesBuildPhase section */

/* Begin PBXSourcesBuildPhase section */
		36179587236C98A900C25E5E /* Sources */ = {
			isa = PBXSourcesBuildPhase;
			buildActionMask = 2147483647;
			files = (
				3617958F236C98A900C25E5E /* AppDelegate.swift in Sources */,
				361795A3236C9A0000C25E5E /* TableViewController.swift in Sources */,
				361795A72371E17E00C25E5E /* ViewController.swift in Sources */,
				36179591236C98A900C25E5E /* SceneDelegate.swift in Sources */,
			);
			runOnlyForDeploymentPostprocessing = 0;
		};
/* End PBXSourcesBuildPhase section */

/* Begin PBXVariantGroup section */
		36179594236C98A900C25E5E /* Main.storyboard */ = {
			isa = PBXVariantGroup;
			children = (
				36179595236C98A900C25E5E /* Base */,
			);
			name = Main.storyboard;
			sourceTree = "<group>";
		};
		36179599236C98AE00C25E5E /* LaunchScreen.storyboard */ = {
			isa = PBXVariantGroup;
			children = (
				3617959A236C98AE00C25E5E /* Base */,
			);
			name = LaunchScreen.storyboard;
			sourceTree = "<group>";
		};
/* End PBXVariantGroup section */

/* Begin XCBuildConfiguration section */
		3617959D236C98AE00C25E5E /* Debug */ = {
			isa = XCBuildConfiguration;
			buildSettings = {
				ALWAYS_SEARCH_USER_PATHS = NO;
				CLANG_ANALYZER_NONNULL = YES;
				CLANG_ANALYZER_NUMBER_OBJECT_CONVERSION = YES_AGGRESSIVE;
				CLANG_CXX_LANGUAGE_STANDARD = "gnu++14";
				CLANG_CXX_LIBRARY = "libc++";
				CLANG_ENABLE_MODULES = YES;
				CLANG_ENABLE_OBJC_ARC = YES;
				CLANG_ENABLE_OBJC_WEAK = YES;
				CLANG_WARN_BLOCK_CAPTURE_AUTORELEASING = YES;
				CLANG_WARN_BOOL_CONVERSION = YES;
				CLANG_WARN_COMMA = YES;
				CLANG_WARN_CONSTANT_CONVERSION = YES;
				CLANG_WARN_DEPRECATED_OBJC_IMPLEMENTATIONS = YES;
				CLANG_WARN_DIRECT_OBJC_ISA_USAGE = YES_ERROR;
				CLANG_WARN_DOCUMENTATION_COMMENTS = YES;
				CLANG_WARN_EMPTY_BODY = YES;
				CLANG_WARN_ENUM_CONVERSION = YES;
				CLANG_WARN_INFINITE_RECURSION = YES;
				CLANG_WARN_INT_CONVERSION = YES;
				CLANG_WARN_NON_LITERAL_NULL_CONVERSION = YES;
				CLANG_WARN_OBJC_IMPLICIT_RETAIN_SELF = YES;
				CLANG_WARN_OBJC_LITERAL_CONVERSION = YES;
				CLANG_WARN_OBJC_ROOT_CLASS = YES_ERROR;
				CLANG_WARN_RANGE_LOOP_ANALYSIS = YES;
				CLANG_WARN_STRICT_PROTOTYPES = YES;
				CLANG_WARN_SUSPICIOUS_MOVE = YES;
				CLANG_WARN_UNGUARDED_AVAILABILITY = YES_AGGRESSIVE;
				CLANG_WARN_UNREACHABLE_CODE = YES;
				CLANG_WARN__DUPLICATE_METHOD_MATCH = YES;
				COPY_PHASE_STRIP = NO;
				DEBUG_INFORMATION_FORMAT = dwarf;
				ENABLE_STRICT_OBJC_MSGSEND = YES;
				ENABLE_TESTABILITY = YES;
				GCC_C_LANGUAGE_STANDARD = gnu11;
				GCC_DYNAMIC_NO_PIC = NO;
				GCC_NO_COMMON_BLOCKS = YES;
				GCC_OPTIMIZATION_LEVEL = 0;
				GCC_PREPROCESSOR_DEFINITIONS = (
					"DEBUG=1",
					"$(inherited)",
				);
				GCC_WARN_64_TO_32_BIT_CONVERSION = YES;
				GCC_WARN_ABOUT_RETURN_TYPE = YES_ERROR;
				GCC_WARN_UNDECLARED_SELECTOR = YES;
				GCC_WARN_UNINITIALIZED_AUTOS = YES_AGGRESSIVE;
				GCC_WARN_UNUSED_FUNCTION = YES;
				GCC_WARN_UNUSED_VARIABLE = YES;
				IPHONEOS_DEPLOYMENT_TARGET = 13.0;
				MTL_ENABLE_DEBUG_INFO = INCLUDE_SOURCE;
				MTL_FAST_MATH = YES;
				ONLY_ACTIVE_ARCH = YES;
				SDKROOT = iphoneos;
				SWIFT_ACTIVE_COMPILATION_CONDITIONS = DEBUG;
				SWIFT_OPTIMIZATION_LEVEL = "-Onone";
			};
			name = Debug;
		};
		3617959E236C98AE00C25E5E /* Release */ = {
			isa = XCBuildConfiguration;
			buildSettings = {
				ALWAYS_SEARCH_USER_PATHS = NO;
				CLANG_ANALYZER_NONNULL = YES;
				CLANG_ANALYZER_NUMBER_OBJECT_CONVERSION = YES_AGGRESSIVE;
				CLANG_CXX_LANGUAGE_STANDARD = "gnu++14";
				CLANG_CXX_LIBRARY = "libc++";
				CLANG_ENABLE_MODULES = YES;
				CLANG_ENABLE_OBJC_ARC = YES;
				CLANG_ENABLE_OBJC_WEAK = YES;
				CLANG_WARN_BLOCK_CAPTURE_AUTORELEASING = YES;
				CLANG_WARN_BOOL_CONVERSION = YES;
				CLANG_WARN_COMMA = YES;
				CLANG_WARN_CONSTANT_CONVERSION = YES;
				CLANG_WARN_DEPRECATED_OBJC_IMPLEMENTATIONS = YES;
				CLANG_WARN_DIRECT_OBJC_ISA_USAGE = YES_ERROR;
				CLANG_WARN_DOCUMENTATION_COMMENTS = YES;
				CLANG_WARN_EMPTY_BODY = YES;
				CLANG_WARN_ENUM_CONVERSION = YES;
				CLANG_WARN_INFINITE_RECURSION = YES;
				CLANG_WARN_INT_CONVERSION = YES;
				CLANG_WARN_NON_LITERAL_NULL_CONVERSION = YES;
				CLANG_WARN_OBJC_IMPLICIT_RETAIN_SELF = YES;
				CLANG_WARN_OBJC_LITERAL_CONVERSION = YES;
				CLANG_WARN_OBJC_ROOT_CLASS = YES_ERROR;
				CLANG_WARN_RANGE_LOOP_ANALYSIS = YES;
				CLANG_WARN_STRICT_PROTOTYPES = YES;
				CLANG_WARN_SUSPICIOUS_MOVE = YES;
				CLANG_WARN_UNGUARDED_AVAILABILITY = YES_AGGRESSIVE;
				CLANG_WARN_UNREACHABLE_CODE = YES;
				CLANG_WARN__DUPLICATE_METHOD_MATCH = YES;
				COPY_PHASE_STRIP = NO;
				DEBUG_INFORMATION_FORMAT = "dwarf-with-dsym";
				ENABLE_NS_ASSERTIONS = NO;
				ENABLE_STRICT_OBJC_MSGSEND = YES;
				GCC_C_LANGUAGE_STANDARD = gnu11;
				GCC_NO_COMMON_BLOCKS = YES;
				GCC_WARN_64_TO_32_BIT_CONVERSION = YES;
				GCC_WARN_ABOUT_RETURN_TYPE = YES_ERROR;
				GCC_WARN_UNDECLARED_SELECTOR = YES;
				GCC_WARN_UNINITIALIZED_AUTOS = YES_AGGRESSIVE;
				GCC_WARN_UNUSED_FUNCTION = YES;
				GCC_WARN_UNUSED_VARIABLE = YES;
				IPHONEOS_DEPLOYMENT_TARGET = 13.0;
				MTL_ENABLE_DEBUG_INFO = NO;
				MTL_FAST_MATH = YES;
				SDKROOT = iphoneos;
				SWIFT_COMPILATION_MODE = wholemodule;
				SWIFT_OPTIMIZATION_LEVEL = "-O";
				VALIDATE_PRODUCT = YES;
			};
			name = Release;
		};
		361795A0236C98AE00C25E5E /* Debug */ = {
			isa = XCBuildConfiguration;
			buildSettings = {
				ASSETCATALOG_COMPILER_APPICON_NAME = AppIcon;
				CODE_SIGN_STYLE = Automatic;
				DEVELOPMENT_TEAM = FLT4TZPP5Y;
				INFOPLIST_FILE = XRDSdictionary/Info.plist;
				IPHONEOS_DEPLOYMENT_TARGET = 12.4;
				LD_RUNPATH_SEARCH_PATHS = (
					"$(inherited)",
					"@executable_path/Frameworks",
				);
				PRODUCT_BUNDLE_IDENTIFIER = com.XRDSdictionary;
				PRODUCT_NAME = "$(TARGET_NAME)";
				SWIFT_VERSION = 5.0;
				TARGETED_DEVICE_FAMILY = "1,2";
			};
			name = Debug;
		};
		361795A1236C98AE00C25E5E /* Release */ = {
			isa = XCBuildConfiguration;
			buildSettings = {
				ASSETCATALOG_COMPILER_APPICON_NAME = AppIcon;
				CODE_SIGN_STYLE = Automatic;
				DEVELOPMENT_TEAM = FLT4TZPP5Y;
				INFOPLIST_FILE = XRDSdictionary/Info.plist;
				IPHONEOS_DEPLOYMENT_TARGET = 12.4;
				LD_RUNPATH_SEARCH_PATHS = (
					"$(inherited)",
					"@executable_path/Frameworks",
				);
				PRODUCT_BUNDLE_IDENTIFIER = com.XRDSdictionary;
				PRODUCT_NAME = "$(TARGET_NAME)";
				SWIFT_VERSION = 5.0;
				TARGETED_DEVICE_FAMILY = "1,2";
			};
			name = Release;
		};
/* End XCBuildConfiguration section */

/* Begin XCConfigurationList section */
		36179586236C98A900C25E5E /* Build configuration list for PBXProject "XRDSdictionary" */ = {
			isa = XCConfigurationList;
			buildConfigurations = (
				3617959D236C98AE00C25E5E /* Debug */,
				3617959E236C98AE00C25E5E /* Release */,
			);
			defaultConfigurationIsVisible = 0;
			defaultConfigurationName = Release;
		};
		3617959F236C98AE00C25E5E /* Build configuration list for PBXNativeTarget "XRDSdictionary" */ = {
			isa = XCConfigurationList;
			buildConfigurations = (
				361795A0236C98AE00C25E5E /* Debug */,
				361795A1236C98AE00C25E5E /* Release */,
			);
			defaultConfigurationIsVisible = 0;
			defaultConfigurationName = Release;
		};
/* End XCConfigurationList section */
	};
	rootObject = 36179583236C98A800C25E5E /* Project object */;
}
