// !$*UTF8*$!
{
	archiveVersion = 1;
	classes = {
	};
	objectVersion = 50;
	objects = {

/* Begin PBXBuildFile section */
		3642804723FCF0EE006E59CA /* AppDelegate.swift in Sources */ = {isa = PBXBuildFile; fileRef = 3642804623FCF0EE006E59CA /* AppDelegate.swift */; };
		3642804923FCF0EE006E59CA /* SceneDelegate.swift in Sources */ = {isa = PBXBuildFile; fileRef = 3642804823FCF0EE006E59CA /* SceneDelegate.swift */; };
		3642804B23FCF0EE006E59CA /* ViewController.swift in Sources */ = {isa = PBXBuildFile; fileRef = 3642804A23FCF0EE006E59CA /* ViewController.swift */; };
		3642804E23FCF0EE006E59CA /* Main.storyboard in Resources */ = {isa = PBXBuildFile; fileRef = 3642804C23FCF0EE006E59CA /* Main.storyboard */; };
		3642805023FCF0EF006E59CA /* Assets.xcassets in Resources */ = {isa = PBXBuildFile; fileRef = 3642804F23FCF0EF006E59CA /* Assets.xcassets */; };
		3642805323FCF0EF006E59CA /* LaunchScreen.storyboard in Resources */ = {isa = PBXBuildFile; fileRef = 3642805123FCF0EF006E59CA /* LaunchScreen.storyboard */; };
		3642805B23FD033F006E59CA /* correctButton.swift in Sources */ = {isa = PBXBuildFile; fileRef = 3642805A23FD033F006E59CA /* correctButton.swift */; };
/* End PBXBuildFile section */

/* Begin PBXFileReference section */
		3642804323FCF0EE006E59CA /* NumberGuesser.app */ = {isa = PBXFileReference; explicitFileType = wrapper.application; includeInIndex = 0; path = NumberGuesser.app; sourceTree = BUILT_PRODUCTS_DIR; };
		3642804623FCF0EE006E59CA /* AppDelegate.swift */ = {isa = PBXFileReference; lastKnownFileType = sourcecode.swift; path = AppDelegate.swift; sourceTree = "<group>"; };
		3642804823FCF0EE006E59CA /* SceneDelegate.swift */ = {isa = PBXFileReference; lastKnownFileType = sourcecode.swift; path = SceneDelegate.swift; sourceTree = "<group>"; };
		3642804A23FCF0EE006E59CA /* ViewController.swift */ = {isa = PBXFileReference; lastKnownFileType = sourcecode.swift; path = ViewController.swift; sourceTree = "<group>"; };
		3642804D23FCF0EE006E59CA /* Base */ = {isa = PBXFileReference; lastKnownFileType = file.storyboard; name = Base; path = Base.lproj/Main.storyboard; sourceTree = "<group>"; };
		3642804F23FCF0EF006E59CA /* Assets.xcassets */ = {isa = PBXFileReference; lastKnownFileType = folder.assetcatalog; path = Assets.xcassets; sourceTree = "<group>"; };
		3642805223FCF0EF006E59CA /* Base */ = {isa = PBXFileReference; lastKnownFileType = file.storyboard; name = Base; path = Base.lproj/LaunchScreen.storyboard; sourceTree = "<group>"; };
		3642805423FCF0EF006E59CA /* Info.plist */ = {isa = PBXFileReference; lastKnownFileType = text.plist.xml; path = Info.plist; sourceTree = "<group>"; };
		3642805A23FD033F006E59CA /* correctButton.swift */ = {isa = PBXFileReference; lastKnownFileType = sourcecode.swift; path = correctButton.swift; sourceTree = "<group>"; };
/* End PBXFileReference section */

/* Begin PBXFrameworksBuildPhase section */
		3642804023FCF0EE006E59CA /* Frameworks */ = {
			isa = PBXFrameworksBuildPhase;
			buildActionMask = 2147483647;
			files = (
			);
			runOnlyForDeploymentPostprocessing = 0;
		};
/* End PBXFrameworksBuildPhase section */

/* Begin PBXGroup section */
		3642803A23FCF0EE006E59CA = {
			isa = PBXGroup;
			children = (
				3642804523FCF0EE006E59CA /* NumberGuesser */,
				3642804423FCF0EE006E59CA /* Products */,
			);
			sourceTree = "<group>";
		};
		3642804423FCF0EE006E59CA /* Products */ = {
			isa = PBXGroup;
			children = (
				3642804323FCF0EE006E59CA /* NumberGuesser.app */,
			);
			name = Products;
			sourceTree = "<group>";
		};
		3642804523FCF0EE006E59CA /* NumberGuesser */ = {
			isa = PBXGroup;
			children = (
				3642804623FCF0EE006E59CA /* AppDelegate.swift */,
				3642804823FCF0EE006E59CA /* SceneDelegate.swift */,
				3642804A23FCF0EE006E59CA /* ViewController.swift */,
				3642805A23FD033F006E59CA /* correctButton.swift */,
				3642804C23FCF0EE006E59CA /* Main.storyboard */,
				3642804F23FCF0EF006E59CA /* Assets.xcassets */,
				3642805123FCF0EF006E59CA /* LaunchScreen.storyboard */,
				3642805423FCF0EF006E59CA /* Info.plist */,
			);
			path = NumberGuesser;
			sourceTree = "<group>";
		};
/* End PBXGroup section */

/* Begin PBXNativeTarget section */
		3642804223FCF0EE006E59CA /* NumberGuesser */ = {
			isa = PBXNativeTarget;
			buildConfigurationList = 3642805723FCF0EF006E59CA /* Build configuration list for PBXNativeTarget "NumberGuesser" */;
			buildPhases = (
				3642803F23FCF0EE006E59CA /* Sources */,
				3642804023FCF0EE006E59CA /* Frameworks */,
				3642804123FCF0EE006E59CA /* Resources */,
			);
			buildRules = (
			);
			dependencies = (
			);
			name = NumberGuesser;
			productName = NumberGuesser;
			productReference = 3642804323FCF0EE006E59CA /* NumberGuesser.app */;
			productType = "com.apple.product-type.application";
		};
/* End PBXNativeTarget section */

/* Begin PBXProject section */
		3642803B23FCF0EE006E59CA /* Project object */ = {
			isa = PBXProject;
			attributes = {
				LastSwiftUpdateCheck = 1100;
				LastUpgradeCheck = 1100;
				ORGANIZATIONNAME = "Jack Younger";
				TargetAttributes = {
					3642804223FCF0EE006E59CA = {
						CreatedOnToolsVersion = 11.0;
					};
				};
			};
			buildConfigurationList = 3642803E23FCF0EE006E59CA /* Build configuration list for PBXProject "NumberGuesser" */;
			compatibilityVersion = "Xcode 9.3";
			developmentRegion = en;
			hasScannedForEncodings = 0;
			knownRegions = (
				en,
				Base,
			);
			mainGroup = 3642803A23FCF0EE006E59CA;
			productRefGroup = 3642804423FCF0EE006E59CA /* Products */;
			projectDirPath = "";
			projectRoot = "";
			targets = (
				3642804223FCF0EE006E59CA /* NumberGuesser */,
			);
		};
/* End PBXProject section */

/* Begin PBXResourcesBuildPhase section */
		3642804123FCF0EE006E59CA /* Resources */ = {
			isa = PBXResourcesBuildPhase;
			buildActionMask = 2147483647;
			files = (
				3642805323FCF0EF006E59CA /* LaunchScreen.storyboard in Resources */,
				3642805023FCF0EF006E59CA /* Assets.xcassets in Resources */,
				3642804E23FCF0EE006E59CA /* Main.storyboard in Resources */,
			);
			runOnlyForDeploymentPostprocessing = 0;
		};
/* End PBXResourcesBuildPhase section */

/* Begin PBXSourcesBuildPhase section */
		3642803F23FCF0EE006E59CA /* Sources */ = {
			isa = PBXSourcesBuildPhase;
			buildActionMask = 2147483647;
			files = (
				3642805B23FD033F006E59CA /* correctButton.swift in Sources */,
				3642804B23FCF0EE006E59CA /* ViewController.swift in Sources */,
				3642804723FCF0EE006E59CA /* AppDelegate.swift in Sources */,
				3642804923FCF0EE006E59CA /* SceneDelegate.swift in Sources */,
			);
			runOnlyForDeploymentPostprocessing = 0;
		};
/* End PBXSourcesBuildPhase section */

/* Begin PBXVariantGroup section */
		3642804C23FCF0EE006E59CA /* Main.storyboard */ = {
			isa = PBXVariantGroup;
			children = (
				3642804D23FCF0EE006E59CA /* Base */,
			);
			name = Main.storyboard;
			sourceTree = "<group>";
		};
		3642805123FCF0EF006E59CA /* LaunchScreen.storyboard */ = {
			isa = PBXVariantGroup;
			children = (
				3642805223FCF0EF006E59CA /* Base */,
			);
			name = LaunchScreen.storyboard;
			sourceTree = "<group>";
		};
/* End PBXVariantGroup section */

/* Begin XCBuildConfiguration section */
		3642805523FCF0EF006E59CA /* Debug */ = {
			isa = XCBuildConfiguration;
			buildSettings = {
				ALWAYS_SEARCH_USER_PATHS = NO;
				CLANG_ANALYZER_NONNULL = YES;
				CLANG_ANALYZER_NUMBER_OBJECT_CONVERSION = YES_AGGRESSIVE;
				CLANG_CXX_LANGUAGE_STANDARD = "gnu++14";
				CLANG_CXX_LIBRARY = "libc++";
				CLANG_ENABLE_MODULES = YES;
				CLANG_ENABLE_OBJC_ARC = YES;
				CLANG_ENABLE_OBJC_WEAK = YES;
				CLANG_WARN_BLOCK_CAPTURE_AUTORELEASING = YES;
				CLANG_WARN_BOOL_CONVERSION = YES;
				CLANG_WARN_COMMA = YES;
				CLANG_WARN_CONSTANT_CONVERSION = YES;
				CLANG_WARN_DEPRECATED_OBJC_IMPLEMENTATIONS = YES;
				CLANG_WARN_DIRECT_OBJC_ISA_USAGE = YES_ERROR;
				CLANG_WARN_DOCUMENTATION_COMMENTS = YES;
				CLANG_WARN_EMPTY_BODY = YES;
				CLANG_WARN_ENUM_CONVERSION = YES;
				CLANG_WARN_INFINITE_RECURSION = YES;
				CLANG_WARN_INT_CONVERSION = YES;
				CLANG_WARN_NON_LITERAL_NULL_CONVERSION = YES;
				CLANG_WARN_OBJC_IMPLICIT_RETAIN_SELF = YES;
				CLANG_WARN_OBJC_LITERAL_CONVERSION = YES;
				CLANG_WARN_OBJC_ROOT_CLASS = YES_ERROR;
				CLANG_WARN_RANGE_LOOP_ANALYSIS = YES;
				CLANG_WARN_STRICT_PROTOTYPES = YES;
				CLANG_WARN_SUSPICIOUS_MOVE = YES;
				CLANG_WARN_UNGUARDED_AVAILABILITY = YES_AGGRESSIVE;
				CLANG_WARN_UNREACHABLE_CODE = YES;
				CLANG_WARN__DUPLICATE_METHOD_MATCH = YES;
				COPY_PHASE_STRIP = NO;
				DEBUG_INFORMATION_FORMAT = dwarf;
				ENABLE_STRICT_OBJC_MSGSEND = YES;
				ENABLE_TESTABILITY = YES;
				GCC_C_LANGUAGE_STANDARD = gnu11;
				GCC_DYNAMIC_NO_PIC = NO;
				GCC_NO_COMMON_BLOCKS = YES;
				GCC_OPTIMIZATION_LEVEL = 0;
				GCC_PREPROCESSOR_DEFINITIONS = (
					"DEBUG=1",
					"$(inherited)",
				);
				GCC_WARN_64_TO_32_BIT_CONVERSION = YES;
				GCC_WARN_ABOUT_RETURN_TYPE = YES_ERROR;
				GCC_WARN_UNDECLARED_SELECTOR = YES;
				GCC_WARN_UNINITIALIZED_AUTOS = YES_AGGRESSIVE;
				GCC_WARN_UNUSED_FUNCTION = YES;
				GCC_WARN_UNUSED_VARIABLE = YES;
				IPHONEOS_DEPLOYMENT_TARGET = 13.0;
				MTL_ENABLE_DEBUG_INFO = INCLUDE_SOURCE;
				MTL_FAST_MATH = YES;
				ONLY_ACTIVE_ARCH = YES;
				SDKROOT = iphoneos;
				SWIFT_ACTIVE_COMPILATION_CONDITIONS = DEBUG;
				SWIFT_OPTIMIZATION_LEVEL = "-Onone";
			};
			name = Debug;
		};
		3642805623FCF0EF006E59CA /* Release */ = {
			isa = XCBuildConfiguration;
			buildSettings = {
				ALWAYS_SEARCH_USER_PATHS = NO;
				CLANG_ANALYZER_NONNULL = YES;
				CLANG_ANALYZER_NUMBER_OBJECT_CONVERSION = YES_AGGRESSIVE;
				CLANG_CXX_LANGUAGE_STANDARD = "gnu++14";
				CLANG_CXX_LIBRARY = "libc++";
				CLANG_ENABLE_MODULES = YES;
				CLANG_ENABLE_OBJC_ARC = YES;
				CLANG_ENABLE_OBJC_WEAK = YES;
				CLANG_WARN_BLOCK_CAPTURE_AUTORELEASING = YES;
				CLANG_WARN_BOOL_CONVERSION = YES;
				CLANG_WARN_COMMA = YES;
				CLANG_WARN_CONSTANT_CONVERSION = YES;
				CLANG_WARN_DEPRECATED_OBJC_IMPLEMENTATIONS = YES;
				CLANG_WARN_DIRECT_OBJC_ISA_USAGE = YES_ERROR;
				CLANG_WARN_DOCUMENTATION_COMMENTS = YES;
				CLANG_WARN_EMPTY_BODY = YES;
				CLANG_WARN_ENUM_CONVERSION = YES;
				CLANG_WARN_INFINITE_RECURSION = YES;
				CLANG_WARN_INT_CONVERSION = YES;
				CLANG_WARN_NON_LITERAL_NULL_CONVERSION = YES;
				CLANG_WARN_OBJC_IMPLICIT_RETAIN_SELF = YES;
				CLANG_WARN_OBJC_LITERAL_CONVERSION = YES;
				CLANG_WARN_OBJC_ROOT_CLASS = YES_ERROR;
				CLANG_WARN_RANGE_LOOP_ANALYSIS = YES;
				CLANG_WARN_STRICT_PROTOTYPES = YES;
				CLANG_WARN_SUSPICIOUS_MOVE = YES;
				CLANG_WARN_UNGUARDED_AVAILABILITY = YES_AGGRESSIVE;
				CLANG_WARN_UNREACHABLE_CODE = YES;
				CLANG_WARN__DUPLICATE_METHOD_MATCH = YES;
				COPY_PHASE_STRIP = NO;
				DEBUG_INFORMATION_FORMAT = "dwarf-with-dsym";
				ENABLE_NS_ASSERTIONS = NO;
				ENABLE_STRICT_OBJC_MSGSEND = YES;
				GCC_C_LANGUAGE_STANDARD = gnu11;
				GCC_NO_COMMON_BLOCKS = YES;
				GCC_WARN_64_TO_32_BIT_CONVERSION = YES;
				GCC_WARN_ABOUT_RETURN_TYPE = YES_ERROR;
				GCC_WARN_UNDECLARED_SELECTOR = YES;
				GCC_WARN_UNINITIALIZED_AUTOS = YES_AGGRESSIVE;
				GCC_WARN_UNUSED_FUNCTION = YES;
				GCC_WARN_UNUSED_VARIABLE = YES;
				IPHONEOS_DEPLOYMENT_TARGET = 13.0;
				MTL_ENABLE_DEBUG_INFO = NO;
				MTL_FAST_MATH = YES;
				SDKROOT = iphoneos;
				SWIFT_COMPILATION_MODE = wholemodule;
				SWIFT_OPTIMIZATION_LEVEL = "-O";
				VALIDATE_PRODUCT = YES;
			};
			name = Release;
		};
		3642805823FCF0EF006E59CA /* Debug */ = {
			isa = XCBuildConfiguration;
			buildSettings = {
				ASSETCATALOG_COMPILER_APPICON_NAME = AppIcon;
				CODE_SIGN_STYLE = Automatic;
				DEVELOPMENT_TEAM = FLT4TZPP5Y;
				INFOPLIST_FILE = NumberGuesser/Info.plist;
				LD_RUNPATH_SEARCH_PATHS = (
					"$(inherited)",
					"@executable_path/Frameworks",
				);
				PRODUCT_BUNDLE_IDENTIFIER = YoungerCode.NumberGuesser;
				PRODUCT_NAME = "$(TARGET_NAME)";
				SWIFT_VERSION = 5.0;
				TARGETED_DEVICE_FAMILY = "1,2";
			};
			name = Debug;
		};
		3642805923FCF0EF006E59CA /* Release */ = {
			isa = XCBuildConfiguration;
			buildSettings = {
				ASSETCATALOG_COMPILER_APPICON_NAME = AppIcon;
				CODE_SIGN_STYLE = Automatic;
				DEVELOPMENT_TEAM = FLT4TZPP5Y;
				INFOPLIST_FILE = NumberGuesser/Info.plist;
				LD_RUNPATH_SEARCH_PATHS = (
					"$(inherited)",
					"@executable_path/Frameworks",
				);
				PRODUCT_BUNDLE_IDENTIFIER = YoungerCode.NumberGuesser;
				PRODUCT_NAME = "$(TARGET_NAME)";
				SWIFT_VERSION = 5.0;
				TARGETED_DEVICE_FAMILY = "1,2";
			};
			name = Release;
		};
/* End XCBuildConfiguration section */

/* Begin XCConfigurationList section */
		3642803E23FCF0EE006E59CA /* Build configuration list for PBXProject "NumberGuesser" */ = {
			isa = XCConfigurationList;
			buildConfigurations = (
				3642805523FCF0EF006E59CA /* Debug */,
				3642805623FCF0EF006E59CA /* Release */,
			);
			defaultConfigurationIsVisible = 0;
			defaultConfigurationName = Release;
		};
		3642805723FCF0EF006E59CA /* Build configuration list for PBXNativeTarget "NumberGuesser" */ = {
			isa = XCConfigurationList;
			buildConfigurations = (
				3642805823FCF0EF006E59CA /* Debug */,
				3642805923FCF0EF006E59CA /* Release */,
			);
			defaultConfigurationIsVisible = 0;
			defaultConfigurationName = Release;
		};
/* End XCConfigurationList section */
	};
	rootObject = 3642803B23FCF0EE006E59CA /* Project object */;
}
