// !$*UTF8*$!
{
	archiveVersion = 1;
	classes = {
	};
	objectVersion = 50;
	objects = {

/* Begin PBXBuildFile section */
		369F15A723EC76B800127F87 /* AppDelegate.swift in Sources */ = {isa = PBXBuildFile; fileRef = 369F15A623EC76B800127F87 /* AppDelegate.swift */; };
		369F15A923EC76B800127F87 /* SceneDelegate.swift in Sources */ = {isa = PBXBuildFile; fileRef = 369F15A823EC76B800127F87 /* SceneDelegate.swift */; };
		369F15AB23EC76B800127F87 /* ViewController.swift in Sources */ = {isa = PBXBuildFile; fileRef = 369F15AA23EC76B800127F87 /* ViewController.swift */; };
		369F15AE23EC76B800127F87 /* Main.storyboard in Resources */ = {isa = PBXBuildFile; fileRef = 369F15AC23EC76B800127F87 /* Main.storyboard */; };
		369F15B023EC76BB00127F87 /* Assets.xcassets in Resources */ = {isa = PBXBuildFile; fileRef = 369F15AF23EC76BB00127F87 /* Assets.xcassets */; };
		369F15B323EC76BB00127F87 /* LaunchScreen.storyboard in Resources */ = {isa = PBXBuildFile; fileRef = 369F15B123EC76BB00127F87 /* LaunchScreen.storyboard */; };
		369F15BB23EC788A00127F87 /* KingStackViewController.swift in Sources */ = {isa = PBXBuildFile; fileRef = 369F15BA23EC788A00127F87 /* KingStackViewController.swift */; };
/* End PBXBuildFile section */

/* Begin PBXFileReference section */
		369F15A323EC76B800127F87 /* DynamicStackView.app */ = {isa = PBXFileReference; explicitFileType = wrapper.application; includeInIndex = 0; path = DynamicStackView.app; sourceTree = BUILT_PRODUCTS_DIR; };
		369F15A623EC76B800127F87 /* AppDelegate.swift */ = {isa = PBXFileReference; lastKnownFileType = sourcecode.swift; path = AppDelegate.swift; sourceTree = "<group>"; };
		369F15A823EC76B800127F87 /* SceneDelegate.swift */ = {isa = PBXFileReference; lastKnownFileType = sourcecode.swift; path = SceneDelegate.swift; sourceTree = "<group>"; };
		369F15AA23EC76B800127F87 /* ViewController.swift */ = {isa = PBXFileReference; lastKnownFileType = sourcecode.swift; path = ViewController.swift; sourceTree = "<group>"; };
		369F15AD23EC76B800127F87 /* Base */ = {isa = PBXFileReference; lastKnownFileType = file.storyboard; name = Base; path = Base.lproj/Main.storyboard; sourceTree = "<group>"; };
		369F15AF23EC76BB00127F87 /* Assets.xcassets */ = {isa = PBXFileReference; lastKnownFileType = folder.assetcatalog; path = Assets.xcassets; sourceTree = "<group>"; };
		369F15B223EC76BB00127F87 /* Base */ = {isa = PBXFileReference; lastKnownFileType = file.storyboard; name = Base; path = Base.lproj/LaunchScreen.storyboard; sourceTree = "<group>"; };
		369F15B423EC76BB00127F87 /* Info.plist */ = {isa = PBXFileReference; lastKnownFileType = text.plist.xml; path = Info.plist; sourceTree = "<group>"; };
		369F15BA23EC788A00127F87 /* KingStackViewController.swift */ = {isa = PBXFileReference; lastKnownFileType = sourcecode.swift; path = KingStackViewController.swift; sourceTree = "<group>"; };
/* End PBXFileReference section */

/* Begin PBXFrameworksBuildPhase section */
		369F15A023EC76B800127F87 /* Frameworks */ = {
			isa = PBXFrameworksBuildPhase;
			buildActionMask = 2147483647;
			files = (
			);
			runOnlyForDeploymentPostprocessing = 0;
		};
/* End PBXFrameworksBuildPhase section */

/* Begin PBXGroup section */
		369F159A23EC76B800127F87 = {
			isa = PBXGroup;
			children = (
				369F15A523EC76B800127F87 /* DynamicStackView */,
				369F15A423EC76B800127F87 /* Products */,
			);
			sourceTree = "<group>";
		};
		369F15A423EC76B800127F87 /* Products */ = {
			isa = PBXGroup;
			children = (
				369F15A323EC76B800127F87 /* DynamicStackView.app */,
			);
			name = Products;
			sourceTree = "<group>";
		};
		369F15A523EC76B800127F87 /* DynamicStackView */ = {
			isa = PBXGroup;
			children = (
				369F15A623EC76B800127F87 /* AppDelegate.swift */,
				369F15A823EC76B800127F87 /* SceneDelegate.swift */,
				369F15AA23EC76B800127F87 /* ViewController.swift */,
				369F15AC23EC76B800127F87 /* Main.storyboard */,
				369F15BA23EC788A00127F87 /* KingStackViewController.swift */,
				369F15AF23EC76BB00127F87 /* Assets.xcassets */,
				369F15B123EC76BB00127F87 /* LaunchScreen.storyboard */,
				369F15B423EC76BB00127F87 /* Info.plist */,
			);
			path = DynamicStackView;
			sourceTree = "<group>";
		};
/* End PBXGroup section */

/* Begin PBXNativeTarget section */
		369F15A223EC76B800127F87 /* DynamicStackView */ = {
			isa = PBXNativeTarget;
			buildConfigurationList = 369F15B723EC76BB00127F87 /* Build configuration list for PBXNativeTarget "DynamicStackView" */;
			buildPhases = (
				369F159F23EC76B800127F87 /* Sources */,
				369F15A023EC76B800127F87 /* Frameworks */,
				369F15A123EC76B800127F87 /* Resources */,
			);
			buildRules = (
			);
			dependencies = (
			);
			name = DynamicStackView;
			productName = DynamicStackView;
			productReference = 369F15A323EC76B800127F87 /* DynamicStackView.app */;
			productType = "com.apple.product-type.application";
		};
/* End PBXNativeTarget section */

/* Begin PBXProject section */
		369F159B23EC76B800127F87 /* Project object */ = {
			isa = PBXProject;
			attributes = {
				LastSwiftUpdateCheck = 1100;
				LastUpgradeCheck = 1100;
				ORGANIZATIONNAME = "Jack Younger";
				TargetAttributes = {
					369F15A223EC76B800127F87 = {
						CreatedOnToolsVersion = 11.0;
					};
				};
			};
			buildConfigurationList = 369F159E23EC76B800127F87 /* Build configuration list for PBXProject "DynamicStackView" */;
			compatibilityVersion = "Xcode 9.3";
			developmentRegion = en;
			hasScannedForEncodings = 0;
			knownRegions = (
				en,
				Base,
			);
			mainGroup = 369F159A23EC76B800127F87;
			productRefGroup = 369F15A423EC76B800127F87 /* Products */;
			projectDirPath = "";
			projectRoot = "";
			targets = (
				369F15A223EC76B800127F87 /* DynamicStackView */,
			);
		};
/* End PBXProject section */

/* Begin PBXResourcesBuildPhase section */
		369F15A123EC76B800127F87 /* Resources */ = {
			isa = PBXResourcesBuildPhase;
			buildActionMask = 2147483647;
			files = (
				369F15B323EC76BB00127F87 /* LaunchScreen.storyboard in Resources */,
				369F15B023EC76BB00127F87 /* Assets.xcassets in Resources */,
				369F15AE23EC76B800127F87 /* Main.storyboard in Resources */,
			);
			runOnlyForDeploymentPostprocessing = 0;
		};
/* End PBXResourcesBuildPhase section */

/* Begin PBXSourcesBuildPhase section */
		369F159F23EC76B800127F87 /* Sources */ = {
			isa = PBXSourcesBuildPhase;
			buildActionMask = 2147483647;
			files = (
				369F15AB23EC76B800127F87 /* ViewController.swift in Sources */,
				369F15A723EC76B800127F87 /* AppDelegate.swift in Sources */,
				369F15BB23EC788A00127F87 /* KingStackViewController.swift in Sources */,
				369F15A923EC76B800127F87 /* SceneDelegate.swift in Sources */,
			);
			runOnlyForDeploymentPostprocessing = 0;
		};
/* End PBXSourcesBuildPhase section */

/* Begin PBXVariantGroup section */
		369F15AC23EC76B800127F87 /* Main.storyboard */ = {
			isa = PBXVariantGroup;
			children = (
				369F15AD23EC76B800127F87 /* Base */,
			);
			name = Main.storyboard;
			sourceTree = "<group>";
		};
		369F15B123EC76BB00127F87 /* LaunchScreen.storyboard */ = {
			isa = PBXVariantGroup;
			children = (
				369F15B223EC76BB00127F87 /* Base */,
			);
			name = LaunchScreen.storyboard;
			sourceTree = "<group>";
		};
/* End PBXVariantGroup section */

/* Begin XCBuildConfiguration section */
		369F15B523EC76BB00127F87 /* Debug */ = {
			isa = XCBuildConfiguration;
			buildSettings = {
				ALWAYS_SEARCH_USER_PATHS = NO;
				CLANG_ANALYZER_NONNULL = YES;
				CLANG_ANALYZER_NUMBER_OBJECT_CONVERSION = YES_AGGRESSIVE;
				CLANG_CXX_LANGUAGE_STANDARD = "gnu++14";
				CLANG_CXX_LIBRARY = "libc++";
				CLANG_ENABLE_MODULES = YES;
				CLANG_ENABLE_OBJC_ARC = YES;
				CLANG_ENABLE_OBJC_WEAK = YES;
				CLANG_WARN_BLOCK_CAPTURE_AUTORELEASING = YES;
				CLANG_WARN_BOOL_CONVERSION = YES;
				CLANG_WARN_COMMA = YES;
				CLANG_WARN_CONSTANT_CONVERSION = YES;
				CLANG_WARN_DEPRECATED_OBJC_IMPLEMENTATIONS = YES;
				CLANG_WARN_DIRECT_OBJC_ISA_USAGE = YES_ERROR;
				CLANG_WARN_DOCUMENTATION_COMMENTS = YES;
				CLANG_WARN_EMPTY_BODY = YES;
				CLANG_WARN_ENUM_CONVERSION = YES;
				CLANG_WARN_INFINITE_RECURSION = YES;
				CLANG_WARN_INT_CONVERSION = YES;
				CLANG_WARN_NON_LITERAL_NULL_CONVERSION = YES;
				CLANG_WARN_OBJC_IMPLICIT_RETAIN_SELF = YES;
				CLANG_WARN_OBJC_LITERAL_CONVERSION = YES;
				CLANG_WARN_OBJC_ROOT_CLASS = YES_ERROR;
				CLANG_WARN_RANGE_LOOP_ANALYSIS = YES;
				CLANG_WARN_STRICT_PROTOTYPES = YES;
				CLANG_WARN_SUSPICIOUS_MOVE = YES;
				CLANG_WARN_UNGUARDED_AVAILABILITY = YES_AGGRESSIVE;
				CLANG_WARN_UNREACHABLE_CODE = YES;
				CLANG_WARN__DUPLICATE_METHOD_MATCH = YES;
				COPY_PHASE_STRIP = NO;
				DEBUG_INFORMATION_FORMAT = dwarf;
				ENABLE_STRICT_OBJC_MSGSEND = YES;
				ENABLE_TESTABILITY = YES;
				GCC_C_LANGUAGE_STANDARD = gnu11;
				GCC_DYNAMIC_NO_PIC = NO;
				GCC_NO_COMMON_BLOCKS = YES;
				GCC_OPTIMIZATION_LEVEL = 0;
				GCC_PREPROCESSOR_DEFINITIONS = (
					"DEBUG=1",
					"$(inherited)",
				);
				GCC_WARN_64_TO_32_BIT_CONVERSION = YES;
				GCC_WARN_ABOUT_RETURN_TYPE = YES_ERROR;
				GCC_WARN_UNDECLARED_SELECTOR = YES;
				GCC_WARN_UNINITIALIZED_AUTOS = YES_AGGRESSIVE;
				GCC_WARN_UNUSED_FUNCTION = YES;
				GCC_WARN_UNUSED_VARIABLE = YES;
				IPHONEOS_DEPLOYMENT_TARGET = 13.0;
				MTL_ENABLE_DEBUG_INFO = INCLUDE_SOURCE;
				MTL_FAST_MATH = YES;
				ONLY_ACTIVE_ARCH = YES;
				SDKROOT = iphoneos;
				SWIFT_ACTIVE_COMPILATION_CONDITIONS = DEBUG;
				SWIFT_OPTIMIZATION_LEVEL = "-Onone";
			};
			name = Debug;
		};
		369F15B623EC76BB00127F87 /* Release */ = {
			isa = XCBuildConfiguration;
			buildSettings = {
				ALWAYS_SEARCH_USER_PATHS = NO;
				CLANG_ANALYZER_NONNULL = YES;
				CLANG_ANALYZER_NUMBER_OBJECT_CONVERSION = YES_AGGRESSIVE;
				CLANG_CXX_LANGUAGE_STANDARD = "gnu++14";
				CLANG_CXX_LIBRARY = "libc++";
				CLANG_ENABLE_MODULES = YES;
				CLANG_ENABLE_OBJC_ARC = YES;
				CLANG_ENABLE_OBJC_WEAK = YES;
				CLANG_WARN_BLOCK_CAPTURE_AUTORELEASING = YES;
				CLANG_WARN_BOOL_CONVERSION = YES;
				CLANG_WARN_COMMA = YES;
				CLANG_WARN_CONSTANT_CONVERSION = YES;
				CLANG_WARN_DEPRECATED_OBJC_IMPLEMENTATIONS = YES;
				CLANG_WARN_DIRECT_OBJC_ISA_USAGE = YES_ERROR;
				CLANG_WARN_DOCUMENTATION_COMMENTS = YES;
				CLANG_WARN_EMPTY_BODY = YES;
				CLANG_WARN_ENUM_CONVERSION = YES;
				CLANG_WARN_INFINITE_RECURSION = YES;
				CLANG_WARN_INT_CONVERSION = YES;
				CLANG_WARN_NON_LITERAL_NULL_CONVERSION = YES;
				CLANG_WARN_OBJC_IMPLICIT_RETAIN_SELF = YES;
				CLANG_WARN_OBJC_LITERAL_CONVERSION = YES;
				CLANG_WARN_OBJC_ROOT_CLASS = YES_ERROR;
				CLANG_WARN_RANGE_LOOP_ANALYSIS = YES;
				CLANG_WARN_STRICT_PROTOTYPES = YES;
				CLANG_WARN_SUSPICIOUS_MOVE = YES;
				CLANG_WARN_UNGUARDED_AVAILABILITY = YES_AGGRESSIVE;
				CLANG_WARN_UNREACHABLE_CODE = YES;
				CLANG_WARN__DUPLICATE_METHOD_MATCH = YES;
				COPY_PHASE_STRIP = NO;
				DEBUG_INFORMATION_FORMAT = "dwarf-with-dsym";
				ENABLE_NS_ASSERTIONS = NO;
				ENABLE_STRICT_OBJC_MSGSEND = YES;
				GCC_C_LANGUAGE_STANDARD = gnu11;
				GCC_NO_COMMON_BLOCKS = YES;
				GCC_WARN_64_TO_32_BIT_CONVERSION = YES;
				GCC_WARN_ABOUT_RETURN_TYPE = YES_ERROR;
				GCC_WARN_UNDECLARED_SELECTOR = YES;
				GCC_WARN_UNINITIALIZED_AUTOS = YES_AGGRESSIVE;
				GCC_WARN_UNUSED_FUNCTION = YES;
				GCC_WARN_UNUSED_VARIABLE = YES;
				IPHONEOS_DEPLOYMENT_TARGET = 13.0;
				MTL_ENABLE_DEBUG_INFO = NO;
				MTL_FAST_MATH = YES;
				SDKROOT = iphoneos;
				SWIFT_COMPILATION_MODE = wholemodule;
				SWIFT_OPTIMIZATION_LEVEL = "-O";
				VALIDATE_PRODUCT = YES;
			};
			name = Release;
		};
		369F15B823EC76BB00127F87 /* Debug */ = {
			isa = XCBuildConfiguration;
			buildSettings = {
				ASSETCATALOG_COMPILER_APPICON_NAME = AppIcon;
				CODE_SIGN_STYLE = Automatic;
				DEVELOPMENT_TEAM = FLT4TZPP5Y;
				INFOPLIST_FILE = DynamicStackView/Info.plist;
				LD_RUNPATH_SEARCH_PATHS = (
					"$(inherited)",
					"@executable_path/Frameworks",
				);
				PRODUCT_BUNDLE_IDENTIFIER = YoungerCode.DynamicStackView;
				PRODUCT_NAME = "$(TARGET_NAME)";
				SWIFT_VERSION = 5.0;
				TARGETED_DEVICE_FAMILY = "1,2";
			};
			name = Debug;
		};
		369F15B923EC76BB00127F87 /* Release */ = {
			isa = XCBuildConfiguration;
			buildSettings = {
				ASSETCATALOG_COMPILER_APPICON_NAME = AppIcon;
				CODE_SIGN_STYLE = Automatic;
				DEVELOPMENT_TEAM = FLT4TZPP5Y;
				INFOPLIST_FILE = DynamicStackView/Info.plist;
				LD_RUNPATH_SEARCH_PATHS = (
					"$(inherited)",
					"@executable_path/Frameworks",
				);
				PRODUCT_BUNDLE_IDENTIFIER = YoungerCode.DynamicStackView;
				PRODUCT_NAME = "$(TARGET_NAME)";
				SWIFT_VERSION = 5.0;
				TARGETED_DEVICE_FAMILY = "1,2";
			};
			name = Release;
		};
/* End XCBuildConfiguration section */

/* Begin XCConfigurationList section */
		369F159E23EC76B800127F87 /* Build configuration list for PBXProject "DynamicStackView" */ = {
			isa = XCConfigurationList;
			buildConfigurations = (
				369F15B523EC76BB00127F87 /* Debug */,
				369F15B623EC76BB00127F87 /* Release */,
			);
			defaultConfigurationIsVisible = 0;
			defaultConfigurationName = Release;
		};
		369F15B723EC76BB00127F87 /* Build configuration list for PBXNativeTarget "DynamicStackView" */ = {
			isa = XCConfigurationList;
			buildConfigurations = (
				369F15B823EC76BB00127F87 /* Debug */,
				369F15B923EC76BB00127F87 /* Release */,
			);
			defaultConfigurationIsVisible = 0;
			defaultConfigurationName = Release;
		};
/* End XCConfigurationList section */
	};
	rootObject = 369F159B23EC76B800127F87 /* Project object */;
}
