// !$*UTF8*$!
{
	archiveVersion = 1;
	classes = {
	};
	objectVersion = 50;
	objects = {

/* Begin PBXBuildFile section */
		365D0DFF23FEFC2C004EDB7B /* AppDelegate.swift in Sources */ = {isa = PBXBuildFile; fileRef = 365D0DFE23FEFC2C004EDB7B /* AppDelegate.swift */; };
		365D0E0123FEFC2C004EDB7B /* SceneDelegate.swift in Sources */ = {isa = PBXBuildFile; fileRef = 365D0E0023FEFC2C004EDB7B /* SceneDelegate.swift */; };
		365D0E0323FEFC2C004EDB7B /* ViewController.swift in Sources */ = {isa = PBXBuildFile; fileRef = 365D0E0223FEFC2C004EDB7B /* ViewController.swift */; };
		365D0E0623FEFC2C004EDB7B /* Main.storyboard in Resources */ = {isa = PBXBuildFile; fileRef = 365D0E0423FEFC2C004EDB7B /* Main.storyboard */; };
		365D0E0823FEFC2D004EDB7B /* Assets.xcassets in Resources */ = {isa = PBXBuildFile; fileRef = 365D0E0723FEFC2D004EDB7B /* Assets.xcassets */; };
		365D0E0B23FEFC2D004EDB7B /* LaunchScreen.storyboard in Resources */ = {isa = PBXBuildFile; fileRef = 365D0E0923FEFC2D004EDB7B /* LaunchScreen.storyboard */; };
		3681F0FE241024EA006011F2 /* TableViewController.swift in Sources */ = {isa = PBXBuildFile; fileRef = 3681F0FD241024EA006011F2 /* TableViewController.swift */; };
/* End PBXBuildFile section */

/* Begin PBXFileReference section */
		365D0DFB23FEFC2C004EDB7B /* photoTaker.app */ = {isa = PBXFileReference; explicitFileType = wrapper.application; includeInIndex = 0; path = photoTaker.app; sourceTree = BUILT_PRODUCTS_DIR; };
		365D0DFE23FEFC2C004EDB7B /* AppDelegate.swift */ = {isa = PBXFileReference; lastKnownFileType = sourcecode.swift; path = AppDelegate.swift; sourceTree = "<group>"; };
		365D0E0023FEFC2C004EDB7B /* SceneDelegate.swift */ = {isa = PBXFileReference; lastKnownFileType = sourcecode.swift; path = SceneDelegate.swift; sourceTree = "<group>"; };
		365D0E0223FEFC2C004EDB7B /* ViewController.swift */ = {isa = PBXFileReference; lastKnownFileType = sourcecode.swift; path = ViewController.swift; sourceTree = "<group>"; };
		365D0E0523FEFC2C004EDB7B /* Base */ = {isa = PBXFileReference; lastKnownFileType = file.storyboard; name = Base; path = Base.lproj/Main.storyboard; sourceTree = "<group>"; };
		365D0E0723FEFC2D004EDB7B /* Assets.xcassets */ = {isa = PBXFileReference; lastKnownFileType = folder.assetcatalog; path = Assets.xcassets; sourceTree = "<group>"; };
		365D0E0A23FEFC2D004EDB7B /* Base */ = {isa = PBXFileReference; lastKnownFileType = file.storyboard; name = Base; path = Base.lproj/LaunchScreen.storyboard; sourceTree = "<group>"; };
		365D0E0C23FEFC2D004EDB7B /* Info.plist */ = {isa = PBXFileReference; lastKnownFileType = text.plist.xml; path = Info.plist; sourceTree = "<group>"; };
		3681F0FD241024EA006011F2 /* TableViewController.swift */ = {isa = PBXFileReference; lastKnownFileType = sourcecode.swift; path = TableViewController.swift; sourceTree = "<group>"; };
/* End PBXFileReference section */

/* Begin PBXFrameworksBuildPhase section */
		365D0DF823FEFC2C004EDB7B /* Frameworks */ = {
			isa = PBXFrameworksBuildPhase;
			buildActionMask = 2147483647;
			files = (
			);
			runOnlyForDeploymentPostprocessing = 0;
		};
/* End PBXFrameworksBuildPhase section */

/* Begin PBXGroup section */
		365D0DF223FEFC2C004EDB7B = {
			isa = PBXGroup;
			children = (
				365D0DFD23FEFC2C004EDB7B /* photoTaker */,
				365D0DFC23FEFC2C004EDB7B /* Products */,
			);
			sourceTree = "<group>";
		};
		365D0DFC23FEFC2C004EDB7B /* Products */ = {
			isa = PBXGroup;
			children = (
				365D0DFB23FEFC2C004EDB7B /* photoTaker.app */,
			);
			name = Products;
			sourceTree = "<group>";
		};
		365D0DFD23FEFC2C004EDB7B /* photoTaker */ = {
			isa = PBXGroup;
			children = (
				365D0DFE23FEFC2C004EDB7B /* AppDelegate.swift */,
				365D0E0023FEFC2C004EDB7B /* SceneDelegate.swift */,
				365D0E0223FEFC2C004EDB7B /* ViewController.swift */,
				3681F0FD241024EA006011F2 /* TableViewController.swift */,
				365D0E0423FEFC2C004EDB7B /* Main.storyboard */,
				365D0E0723FEFC2D004EDB7B /* Assets.xcassets */,
				365D0E0923FEFC2D004EDB7B /* LaunchScreen.storyboard */,
				365D0E0C23FEFC2D004EDB7B /* Info.plist */,
			);
			path = photoTaker;
			sourceTree = "<group>";
		};
/* End PBXGroup section */

/* Begin PBXNativeTarget section */
		365D0DFA23FEFC2C004EDB7B /* photoTaker */ = {
			isa = PBXNativeTarget;
			buildConfigurationList = 365D0E0F23FEFC2D004EDB7B /* Build configuration list for PBXNativeTarget "photoTaker" */;
			buildPhases = (
				365D0DF723FEFC2C004EDB7B /* Sources */,
				365D0DF823FEFC2C004EDB7B /* Frameworks */,
				365D0DF923FEFC2C004EDB7B /* Resources */,
			);
			buildRules = (
			);
			dependencies = (
			);
			name = photoTaker;
			productName = photoTaker;
			productReference = 365D0DFB23FEFC2C004EDB7B /* photoTaker.app */;
			productType = "com.apple.product-type.application";
		};
/* End PBXNativeTarget section */

/* Begin PBXProject section */
		365D0DF323FEFC2C004EDB7B /* Project object */ = {
			isa = PBXProject;
			attributes = {
				LastSwiftUpdateCheck = 1100;
				LastUpgradeCheck = 1100;
				ORGANIZATIONNAME = "Jack Younger";
				TargetAttributes = {
					365D0DFA23FEFC2C004EDB7B = {
						CreatedOnToolsVersion = 11.0;
					};
				};
			};
			buildConfigurationList = 365D0DF623FEFC2C004EDB7B /* Build configuration list for PBXProject "photoTaker" */;
			compatibilityVersion = "Xcode 9.3";
			developmentRegion = en;
			hasScannedForEncodings = 0;
			knownRegions = (
				en,
				Base,
			);
			mainGroup = 365D0DF223FEFC2C004EDB7B;
			productRefGroup = 365D0DFC23FEFC2C004EDB7B /* Products */;
			projectDirPath = "";
			projectRoot = "";
			targets = (
				365D0DFA23FEFC2C004EDB7B /* photoTaker */,
			);
		};
/* End PBXProject section */

/* Begin PBXResourcesBuildPhase section */
		365D0DF923FEFC2C004EDB7B /* Resources */ = {
			isa = PBXResourcesBuildPhase;
			buildActionMask = 2147483647;
			files = (
				365D0E0B23FEFC2D004EDB7B /* LaunchScreen.storyboard in Resources */,
				365D0E0823FEFC2D004EDB7B /* Assets.xcassets in Resources */,
				365D0E0623FEFC2C004EDB7B /* Main.storyboard in Resources */,
			);
			runOnlyForDeploymentPostprocessing = 0;
		};
/* End PBXResourcesBuildPhase section */

/* Begin PBXSourcesBuildPhase section */
		365D0DF723FEFC2C004EDB7B /* Sources */ = {
			isa = PBXSourcesBuildPhase;
			buildActionMask = 2147483647;
			files = (
				365D0E0323FEFC2C004EDB7B /* ViewController.swift in Sources */,
				365D0DFF23FEFC2C004EDB7B /* AppDelegate.swift in Sources */,
				365D0E0123FEFC2C004EDB7B /* SceneDelegate.swift in Sources */,
				3681F0FE241024EA006011F2 /* TableViewController.swift in Sources */,
			);
			runOnlyForDeploymentPostprocessing = 0;
		};
/* End PBXSourcesBuildPhase section */

/* Begin PBXVariantGroup section */
		365D0E0423FEFC2C004EDB7B /* Main.storyboard */ = {
			isa = PBXVariantGroup;
			children = (
				365D0E0523FEFC2C004EDB7B /* Base */,
			);
			name = Main.storyboard;
			sourceTree = "<group>";
		};
		365D0E0923FEFC2D004EDB7B /* LaunchScreen.storyboard */ = {
			isa = PBXVariantGroup;
			children = (
				365D0E0A23FEFC2D004EDB7B /* Base */,
			);
			name = LaunchScreen.storyboard;
			sourceTree = "<group>";
		};
/* End PBXVariantGroup section */

/* Begin XCBuildConfiguration section */
		365D0E0D23FEFC2D004EDB7B /* Debug */ = {
			isa = XCBuildConfiguration;
			buildSettings = {
				ALWAYS_SEARCH_USER_PATHS = NO;
				CLANG_ANALYZER_NONNULL = YES;
				CLANG_ANALYZER_NUMBER_OBJECT_CONVERSION = YES_AGGRESSIVE;
				CLANG_CXX_LANGUAGE_STANDARD = "gnu++14";
				CLANG_CXX_LIBRARY = "libc++";
				CLANG_ENABLE_MODULES = YES;
				CLANG_ENABLE_OBJC_ARC = YES;
				CLANG_ENABLE_OBJC_WEAK = YES;
				CLANG_WARN_BLOCK_CAPTURE_AUTORELEASING = YES;
				CLANG_WARN_BOOL_CONVERSION = YES;
				CLANG_WARN_COMMA = YES;
				CLANG_WARN_CONSTANT_CONVERSION = YES;
				CLANG_WARN_DEPRECATED_OBJC_IMPLEMENTATIONS = YES;
				CLANG_WARN_DIRECT_OBJC_ISA_USAGE = YES_ERROR;
				CLANG_WARN_DOCUMENTATION_COMMENTS = YES;
				CLANG_WARN_EMPTY_BODY = YES;
				CLANG_WARN_ENUM_CONVERSION = YES;
				CLANG_WARN_INFINITE_RECURSION = YES;
				CLANG_WARN_INT_CONVERSION = YES;
				CLANG_WARN_NON_LITERAL_NULL_CONVERSION = YES;
				CLANG_WARN_OBJC_IMPLICIT_RETAIN_SELF = YES;
				CLANG_WARN_OBJC_LITERAL_CONVERSION = YES;
				CLANG_WARN_OBJC_ROOT_CLASS = YES_ERROR;
				CLANG_WARN_RANGE_LOOP_ANALYSIS = YES;
				CLANG_WARN_STRICT_PROTOTYPES = YES;
				CLANG_WARN_SUSPICIOUS_MOVE = YES;
				CLANG_WARN_UNGUARDED_AVAILABILITY = YES_AGGRESSIVE;
				CLANG_WARN_UNREACHABLE_CODE = YES;
				CLANG_WARN__DUPLICATE_METHOD_MATCH = YES;
				COPY_PHASE_STRIP = NO;
				DEBUG_INFORMATION_FORMAT = dwarf;
				ENABLE_STRICT_OBJC_MSGSEND = YES;
				ENABLE_TESTABILITY = YES;
				GCC_C_LANGUAGE_STANDARD = gnu11;
				GCC_DYNAMIC_NO_PIC = NO;
				GCC_NO_COMMON_BLOCKS = YES;
				GCC_OPTIMIZATION_LEVEL = 0;
				GCC_PREPROCESSOR_DEFINITIONS = (
					"DEBUG=1",
					"$(inherited)",
				);
				GCC_WARN_64_TO_32_BIT_CONVERSION = YES;
				GCC_WARN_ABOUT_RETURN_TYPE = YES_ERROR;
				GCC_WARN_UNDECLARED_SELECTOR = YES;
				GCC_WARN_UNINITIALIZED_AUTOS = YES_AGGRESSIVE;
				GCC_WARN_UNUSED_FUNCTION = YES;
				GCC_WARN_UNUSED_VARIABLE = YES;
				IPHONEOS_DEPLOYMENT_TARGET = 13.0;
				MTL_ENABLE_DEBUG_INFO = INCLUDE_SOURCE;
				MTL_FAST_MATH = YES;
				ONLY_ACTIVE_ARCH = YES;
				SDKROOT = iphoneos;
				SWIFT_ACTIVE_COMPILATION_CONDITIONS = DEBUG;
				SWIFT_OPTIMIZATION_LEVEL = "-Onone";
			};
			name = Debug;
		};
		365D0E0E23FEFC2D004EDB7B /* Release */ = {
			isa = XCBuildConfiguration;
			buildSettings = {
				ALWAYS_SEARCH_USER_PATHS = NO;
				CLANG_ANALYZER_NONNULL = YES;
				CLANG_ANALYZER_NUMBER_OBJECT_CONVERSION = YES_AGGRESSIVE;
				CLANG_CXX_LANGUAGE_STANDARD = "gnu++14";
				CLANG_CXX_LIBRARY = "libc++";
				CLANG_ENABLE_MODULES = YES;
				CLANG_ENABLE_OBJC_ARC = YES;
				CLANG_ENABLE_OBJC_WEAK = YES;
				CLANG_WARN_BLOCK_CAPTURE_AUTORELEASING = YES;
				CLANG_WARN_BOOL_CONVERSION = YES;
				CLANG_WARN_COMMA = YES;
				CLANG_WARN_CONSTANT_CONVERSION = YES;
				CLANG_WARN_DEPRECATED_OBJC_IMPLEMENTATIONS = YES;
				CLANG_WARN_DIRECT_OBJC_ISA_USAGE = YES_ERROR;
				CLANG_WARN_DOCUMENTATION_COMMENTS = YES;
				CLANG_WARN_EMPTY_BODY = YES;
				CLANG_WARN_ENUM_CONVERSION = YES;
				CLANG_WARN_INFINITE_RECURSION = YES;
				CLANG_WARN_INT_CONVERSION = YES;
				CLANG_WARN_NON_LITERAL_NULL_CONVERSION = YES;
				CLANG_WARN_OBJC_IMPLICIT_RETAIN_SELF = YES;
				CLANG_WARN_OBJC_LITERAL_CONVERSION = YES;
				CLANG_WARN_OBJC_ROOT_CLASS = YES_ERROR;
				CLANG_WARN_RANGE_LOOP_ANALYSIS = YES;
				CLANG_WARN_STRICT_PROTOTYPES = YES;
				CLANG_WARN_SUSPICIOUS_MOVE = YES;
				CLANG_WARN_UNGUARDED_AVAILABILITY = YES_AGGRESSIVE;
				CLANG_WARN_UNREACHABLE_CODE = YES;
				CLANG_WARN__DUPLICATE_METHOD_MATCH = YES;
				COPY_PHASE_STRIP = NO;
				DEBUG_INFORMATION_FORMAT = "dwarf-with-dsym";
				ENABLE_NS_ASSERTIONS = NO;
				ENABLE_STRICT_OBJC_MSGSEND = YES;
				GCC_C_LANGUAGE_STANDARD = gnu11;
				GCC_NO_COMMON_BLOCKS = YES;
				GCC_WARN_64_TO_32_BIT_CONVERSION = YES;
				GCC_WARN_ABOUT_RETURN_TYPE = YES_ERROR;
				GCC_WARN_UNDECLARED_SELECTOR = YES;
				GCC_WARN_UNINITIALIZED_AUTOS = YES_AGGRESSIVE;
				GCC_WARN_UNUSED_FUNCTION = YES;
				GCC_WARN_UNUSED_VARIABLE = YES;
				IPHONEOS_DEPLOYMENT_TARGET = 13.0;
				MTL_ENABLE_DEBUG_INFO = NO;
				MTL_FAST_MATH = YES;
				SDKROOT = iphoneos;
				SWIFT_COMPILATION_MODE = wholemodule;
				SWIFT_OPTIMIZATION_LEVEL = "-O";
				VALIDATE_PRODUCT = YES;
			};
			name = Release;
		};
		365D0E1023FEFC2D004EDB7B /* Debug */ = {
			isa = XCBuildConfiguration;
			buildSettings = {
				ASSETCATALOG_COMPILER_APPICON_NAME = AppIcon;
				CODE_SIGN_STYLE = Automatic;
				DEVELOPMENT_TEAM = FLT4TZPP5Y;
				INFOPLIST_FILE = photoTaker/Info.plist;
				LD_RUNPATH_SEARCH_PATHS = (
					"$(inherited)",
					"@executable_path/Frameworks",
				);
				PRODUCT_BUNDLE_IDENTIFIER = YoungerCode.photoTaker;
				PRODUCT_NAME = "$(TARGET_NAME)";
				SWIFT_VERSION = 5.0;
				TARGETED_DEVICE_FAMILY = 1;
			};
			name = Debug;
		};
		365D0E1123FEFC2D004EDB7B /* Release */ = {
			isa = XCBuildConfiguration;
			buildSettings = {
				ASSETCATALOG_COMPILER_APPICON_NAME = AppIcon;
				CODE_SIGN_STYLE = Automatic;
				DEVELOPMENT_TEAM = FLT4TZPP5Y;
				INFOPLIST_FILE = photoTaker/Info.plist;
				LD_RUNPATH_SEARCH_PATHS = (
					"$(inherited)",
					"@executable_path/Frameworks",
				);
				PRODUCT_BUNDLE_IDENTIFIER = YoungerCode.photoTaker;
				PRODUCT_NAME = "$(TARGET_NAME)";
				SWIFT_VERSION = 5.0;
				TARGETED_DEVICE_FAMILY = 1;
			};
			name = Release;
		};
/* End XCBuildConfiguration section */

/* Begin XCConfigurationList section */
		365D0DF623FEFC2C004EDB7B /* Build configuration list for PBXProject "photoTaker" */ = {
			isa = XCConfigurationList;
			buildConfigurations = (
				365D0E0D23FEFC2D004EDB7B /* Debug */,
				365D0E0E23FEFC2D004EDB7B /* Release */,
			);
			defaultConfigurationIsVisible = 0;
			defaultConfigurationName = Release;
		};
		365D0E0F23FEFC2D004EDB7B /* Build configuration list for PBXNativeTarget "photoTaker" */ = {
			isa = XCConfigurationList;
			buildConfigurations = (
				365D0E1023FEFC2D004EDB7B /* Debug */,
				365D0E1123FEFC2D004EDB7B /* Release */,
			);
			defaultConfigurationIsVisible = 0;
			defaultConfigurationName = Release;
		};
/* End XCConfigurationList section */
	};
	rootObject = 365D0DF323FEFC2C004EDB7B /* Project object */;
}
